# THIS IS AN AUTOGENERATED FILE. DO NOT EDIT THIS FILE DIRECTLY.
# yarn lockfile v1


"@stencil/core@^1.17.2":
  version "1.17.2"
  resolved "https://registry.yarnpkg.com/@stencil/core/-/core-1.17.2.tgz#39e04b4f21713bdb25899086da345f5ed31724cf"
  integrity sha512-jNEpBxoQFk6J1kSmm84AL/qgN0hySmKN5FZ0Pr16RAZU2TwKRLE1W2V8GcJXOFqd3yDVV+/4Fmyl1DD74/zbiQ==
  dependencies:
    typescript "3.9.7"

typescript@3.9.7:
  version "3.9.7"
  resolved "https://registry.yarnpkg.com/typescript/-/typescript-3.9.7.tgz#98d600a5ebdc38f40cb277522f12dc800e9e25fa"
  integrity sha512-BLbiRkiBzAwsjut4x/dsibSTB6yWpwT5qWmC2OfuCg3GgVQCSgMs4vEctYPhsaGtd0AeuuHMkjZ2h2WG8MSzRw==
